
Microsoft Visual Studio Solution File, Format Version 12.00
# Visual Studio Version 16
VisualStudioVersion = 16.0.32228.343
MinimumVisualStudioVersion = 10.0.40219.1
Project("{FAE04EC0-301F-11D3-BF4B-00C04F79EFBC}") = "FlyCart.Web", "FlyCart.Web\FlyCart.Web.csproj", "{5DD8C664-8BA9-4E2F-817E-3CAEFF3EB3BF}"
EndProject
Project("{FAE04EC0-301F-11D3-BF4B-00C04F79EFBC}") = "FlyCart.Entities", "FlyCart.Entities\FlyCart.Entities.csproj", "{116A999A-6855-4BA4-9D20-4F2BE18C1FEB}"
EndProject
Project("{FAE04EC0-301F-11D3-BF4B-00C04F79EFBC}") = "FlyCart.Database", "FlyCart.Database\FlyCart.Database.csproj", "{239EE0C7-4B62-41D7-A6FB-35A96D110D27}"
EndProject
Project("{FAE04EC0-301F-11D3-BF4B-00C04F79EFBC}") = "FlyCart.Services", "FlyCart.Services\FlyCart.Services.csproj", "{8B253428-0DF9-4289-A0E8-595378B339EE}"
EndProject
Global
	GlobalSection(SolutionConfigurationPlatforms) = preSolution
		Debug|Any CPU = Debug|Any CPU
		Release|Any CPU = Release|Any CPU
	EndGlobalSection
	GlobalSection(ProjectConfigurationPlatforms) = postSolution
		{5DD8C664-8BA9-4E2F-817E-3CAEFF3EB3BF}.Debug|Any CPU.ActiveCfg = Debug|Any CPU
		{5DD8C664-8BA9-4E2F-817E-3CAEFF3EB3BF}.Debug|Any CPU.Build.0 = Debug|Any CPU
		{5DD8C664-8BA9-4E2F-817E-3CAEFF3EB3BF}.Release|Any CPU.ActiveCfg = Release|Any CPU
		{5DD8C664-8BA9-4E2F-817E-3CAEFF3EB3BF}.Release|Any CPU.Build.0 = Release|Any CPU
		{116A999A-6855-4BA4-9D20-4F2BE18C1FEB}.Debug|Any CPU.ActiveCfg = Debug|Any CPU
		{116A999A-6855-4BA4-9D20-4F2BE18C1FEB}.Debug|Any CPU.Build.0 = Debug|Any CPU
		{116A999A-6855-4BA4-9D20-4F2BE18C1FEB}.Release|Any CPU.ActiveCfg = Release|Any CPU
		{116A999A-6855-4BA4-9D20-4F2BE18C1FEB}.Release|Any CPU.Build.0 = Release|Any CPU
		{239EE0C7-4B62-41D7-A6FB-35A96D110D27}.Debug|Any CPU.ActiveCfg = Debug|Any CPU
		{239EE0C7-4B62-41D7-A6FB-35A96D110D27}.Debug|Any CPU.Build.0 = Debug|Any CPU
		{239EE0C7-4B62-41D7-A6FB-35A96D110D27}.Release|Any CPU.ActiveCfg = Release|Any CPU
		{239EE0C7-4B62-41D7-A6FB-35A96D110D27}.Release|Any CPU.Build.0 = Release|Any CPU
		{8B253428-0DF9-4289-A0E8-595378B339EE}.Debug|Any CPU.ActiveCfg = Debug|Any CPU
		{8B253428-0DF9-4289-A0E8-595378B339EE}.Debug|Any CPU.Build.0 = Debug|Any CPU
		{8B253428-0DF9-4289-A0E8-595378B339EE}.Release|Any CPU.ActiveCfg = Release|Any CPU
		{8B253428-0DF9-4289-A0E8-595378B339EE}.Release|Any CPU.Build.0 = Release|Any CPU
	EndGlobalSection
	GlobalSection(SolutionProperties) = preSolution
		HideSolutionNode = FALSE
	EndGlobalSection
	GlobalSection(ExtensibilityGlobals) = postSolution
		SolutionGuid = {C0C9A14C-A3CD-44E9-AE30-4AF451FD165F}
	EndGlobalSection
EndGlobal
